
Microsoft Visual Studio Solution File, Format Version 12.00
# Visual Studio Version 16
VisualStudioVersion = 16.0.30517.126
MinimumVisualStudioVersion = 10.0.40219.1
Project("{FAE04EC0-301F-11D3-BF4B-00C04F79EFBC}") = "DataBase_HW17", "DataBase_HW17\DataBase_HW17.csproj", "{0D40099E-8069-453F-89A6-C8C219B746FB}"
EndProject
Global
	GlobalSection(SolutionConfigurationPlatforms) = preSolution
		Debug|Any CPU = Debug|Any CPU
		Release|Any CPU = Release|Any CPU
	EndGlobalSection
	GlobalSection(ProjectConfigurationPlatforms) = postSolution
		{0D40099E-8069-453F-89A6-C8C219B746FB}.Debug|Any CPU.ActiveCfg = Debug|Any CPU
		{0D40099E-8069-453F-89A6-C8C219B746FB}.Debug|Any CPU.Build.0 = Debug|Any CPU
		{0D40099E-8069-453F-89A6-C8C219B746FB}.Release|Any CPU.ActiveCfg = Release|Any CPU
		{0D40099E-8069-453F-89A6-C8C219B746FB}.Release|Any CPU.Build.0 = Release|Any CPU
	EndGlobalSection
	GlobalSection(SolutionProperties) = preSolution
		HideSolutionNode = FALSE
	EndGlobalSection
	GlobalSection(ExtensibilityGlobals) = postSolution
		SolutionGuid = {19379D0C-F246-47BC-B3D4-CA8AB125B7E1}
	EndGlobalSection
EndGlobal
